// !$*UTF8*$!
{
	archiveVersion = 1;
	classes = {
	};
	objectVersion = 46;
	objects = {

/* Begin PBXBuildFile section */
		F2066CE71D28381A00E4EE3F /* main.m in Sources */ = {isa = PBXBuildFile; fileRef = F2066CE61D28381A00E4EE3F /* main.m */; };
		F2066CEA1D28381A00E4EE3F /* AppDelegate.m in Sources */ = {isa = PBXBuildFile; fileRef = F2066CE91D28381A00E4EE3F /* AppDelegate.m */; };
		F2066CED1D28381A00E4EE3F /* ViewController.m in Sources */ = {isa = PBXBuildFile; fileRef = F2066CEC1D28381A00E4EE3F /* ViewController.m */; };
		F2066CF01D28381A00E4EE3F /* Main.storyboard in Resources */ = {isa = PBXBuildFile; fileRef = F2066CEE1D28381A00E4EE3F /* Main.storyboard */; };
		F2066CF21D28381B00E4EE3F /* Assets.xcassets in Resources */ = {isa = PBXBuildFile; fileRef = F2066CF11D28381B00E4EE3F /* Assets.xcassets */; };
		F2066CF51D28381B00E4EE3F /* LaunchScreen.storyboard in Resources */ = {isa = PBXBuildFile; fileRef = F2066CF31D28381B00E4EE3F /* LaunchScreen.storyboard */; };
		F2066D071D28385700E4EE3F /* libAprilBeaconSDK.a in Frameworks */ = {isa = PBXBuildFile; fileRef = F2066D061D28385700E4EE3F /* libAprilBeaconSDK.a */; };
		F2066D0F1D28389E00E4EE3F /* JVFloatLabeledTextField.m in Sources */ = {isa = PBXBuildFile; fileRef = F2066D0A1D28389E00E4EE3F /* JVFloatLabeledTextField.m */; };
		F2066D101D28389E00E4EE3F /* JVFloatLabeledTextView.m in Sources */ = {isa = PBXBuildFile; fileRef = F2066D0C1D28389E00E4EE3F /* JVFloatLabeledTextView.m */; };
		F2066D111D28389E00E4EE3F /* NSString+TextDirectionality.m in Sources */ = {isa = PBXBuildFile; fileRef = F2066D0E1D28389E00E4EE3F /* NSString+TextDirectionality.m */; };
		F2066D151D2839FD00E4EE3F /* ABBeaconViewController.m in Sources */ = {isa = PBXBuildFile; fileRef = F2066D141D2839FD00E4EE3F /* ABBeaconViewController.m */; };
		F2066D261D283A2B00E4EE3F /* ABBluetoothViewController.m in Sources */ = {isa = PBXBuildFile; fileRef = F2066D171D283A2B00E4EE3F /* ABBluetoothViewController.m */; };
		F2066D271D283A2B00E4EE3F /* ABModifyViewController.m in Sources */ = {isa = PBXBuildFile; fileRef = F2066D191D283A2B00E4EE3F /* ABModifyViewController.m */; };
		F2066D281D283A2B00E4EE3F /* ABNotificationViewController.m in Sources */ = {isa = PBXBuildFile; fileRef = F2066D1B1D283A2B00E4EE3F /* ABNotificationViewController.m */; };
		F2066D291D283A2B00E4EE3F /* ABSelectDeviceViewController.m in Sources */ = {isa = PBXBuildFile; fileRef = F2066D1D1D283A2B00E4EE3F /* ABSelectDeviceViewController.m */; };
		F2066D2A1D283A2B00E4EE3F /* ABSensorListViewController.m in Sources */ = {isa = PBXBuildFile; fileRef = F2066D1F1D283A2B00E4EE3F /* ABSensorListViewController.m */; };
		F2066D2B1D283A2B00E4EE3F /* ABSensorViewController.m in Sources */ = {isa = PBXBuildFile; fileRef = F2066D211D283A2B00E4EE3F /* ABSensorViewController.m */; };
		F2066D2C1D283A2B00E4EE3F /* ABTransmitters.m in Sources */ = {isa = PBXBuildFile; fileRef = F2066D231D283A2B00E4EE3F /* ABTransmitters.m */; };
		F2066D2D1D283A2B00E4EE3F /* ABUUIDTextField.m in Sources */ = {isa = PBXBuildFile; fileRef = F2066D251D283A2B00E4EE3F /* ABUUIDTextField.m */; };
/* End PBXBuildFile section */

/* Begin PBXFileReference section */
		F2066CE21D28381A00E4EE3F /* beacons.app */ = {isa = PBXFileReference; explicitFileType = wrapper.application; includeInIndex = 0; path = beacons.app; sourceTree = BUILT_PRODUCTS_DIR; };
		F2066CE61D28381A00E4EE3F /* main.m */ = {isa = PBXFileReference; lastKnownFileType = sourcecode.c.objc; path = main.m; sourceTree = "<group>"; };
		F2066CE81D28381A00E4EE3F /* AppDelegate.h */ = {isa = PBXFileReference; lastKnownFileType = sourcecode.c.h; path = AppDelegate.h; sourceTree = "<group>"; };
		F2066CE91D28381A00E4EE3F /* AppDelegate.m */ = {isa = PBXFileReference; lastKnownFileType = sourcecode.c.objc; path = AppDelegate.m; sourceTree = "<group>"; };
		F2066CEB1D28381A00E4EE3F /* ViewController.h */ = {isa = PBXFileReference; lastKnownFileType = sourcecode.c.h; path = ViewController.h; sourceTree = "<group>"; };
		F2066CEC1D28381A00E4EE3F /* ViewController.m */ = {isa = PBXFileReference; lastKnownFileType = sourcecode.c.objc; path = ViewController.m; sourceTree = "<group>"; };
		F2066CEF1D28381A00E4EE3F /* Base */ = {isa = PBXFileReference; lastKnownFileType = file.storyboard; name = Base; path = Base.lproj/Main.storyboard; sourceTree = "<group>"; };
		F2066CF11D28381B00E4EE3F /* Assets.xcassets */ = {isa = PBXFileReference; lastKnownFileType = folder.assetcatalog; path = Assets.xcassets; sourceTree = "<group>"; };
		F2066CF41D28381B00E4EE3F /* Base */ = {isa = PBXFileReference; lastKnownFileType = file.storyboard; name = Base; path = Base.lproj/LaunchScreen.storyboard; sourceTree = "<group>"; };
		F2066CF61D28381B00E4EE3F /* Info.plist */ = {isa = PBXFileReference; lastKnownFileType = text.plist.xml; path = Info.plist; sourceTree = "<group>"; };
		F2066CFE1D28385700E4EE3F /* ABBeacon.h */ = {isa = PBXFileReference; fileEncoding = 4; lastKnownFileType = sourcecode.c.h; path = ABBeacon.h; sourceTree = "<group>"; };
		F2066CFF1D28385700E4EE3F /* ABBeaconManager.h */ = {isa = PBXFileReference; fileEncoding = 4; lastKnownFileType = sourcecode.c.h; path = ABBeaconManager.h; sourceTree = "<group>"; };
		F2066D001D28385700E4EE3F /* ABBeaconRegion.h */ = {isa = PBXFileReference; fileEncoding = 4; lastKnownFileType = sourcecode.c.h; path = ABBeaconRegion.h; sourceTree = "<group>"; };
		F2066D011D28385700E4EE3F /* ABBluetoothManager.h */ = {isa = PBXFileReference; fileEncoding = 4; lastKnownFileType = sourcecode.c.h; path = ABBluetoothManager.h; sourceTree = "<group>"; };
		F2066D021D28385700E4EE3F /* ABDefinitions.h */ = {isa = PBXFileReference; fileEncoding = 4; lastKnownFileType = sourcecode.c.h; path = ABDefinitions.h; sourceTree = "<group>"; };
		F2066D031D28385700E4EE3F /* ABError.h */ = {isa = PBXFileReference; fileEncoding = 4; lastKnownFileType = sourcecode.c.h; path = ABError.h; sourceTree = "<group>"; };
		F2066D041D28385700E4EE3F /* ABSensor.h */ = {isa = PBXFileReference; fileEncoding = 4; lastKnownFileType = sourcecode.c.h; path = ABSensor.h; sourceTree = "<group>"; };
		F2066D051D28385700E4EE3F /* AprilBeaconSDK.h */ = {isa = PBXFileReference; fileEncoding = 4; lastKnownFileType = sourcecode.c.h; path = AprilBeaconSDK.h; sourceTree = "<group>"; };
		F2066D061D28385700E4EE3F /* libAprilBeaconSDK.a */ = {isa = PBXFileReference; lastKnownFileType = archive.ar; path = libAprilBeaconSDK.a; sourceTree = "<group>"; };
		F2066D091D28389E00E4EE3F /* JVFloatLabeledTextField.h */ = {isa = PBXFileReference; fileEncoding = 4; lastKnownFileType = sourcecode.c.h; path = JVFloatLabeledTextField.h; sourceTree = "<group>"; };
		F2066D0A1D28389E00E4EE3F /* JVFloatLabeledTextField.m */ = {isa = PBXFileReference; fileEncoding = 4; lastKnownFileType = sourcecode.c.objc; path = JVFloatLabeledTextField.m; sourceTree = "<group>"; };
		F2066D0B1D28389E00E4EE3F /* JVFloatLabeledTextView.h */ = {isa = PBXFileReference; fileEncoding = 4; lastKnownFileType = sourcecode.c.h; path = JVFloatLabeledTextView.h; sourceTree = "<group>"; };
		F2066D0C1D28389E00E4EE3F /* JVFloatLabeledTextView.m */ = {isa = PBXFileReference; fileEncoding = 4; lastKnownFileType = sourcecode.c.objc; path = JVFloatLabeledTextView.m; sourceTree = "<group>"; };
		F2066D0D1D28389E00E4EE3F /* NSString+TextDirectionality.h */ = {isa = PBXFileReference; fileEncoding = 4; lastKnownFileType = sourcecode.c.h; path = "NSString+TextDirectionality.h"; sourceTree = "<group>"; };
		F2066D0E1D28389E00E4EE3F /* NSString+TextDirectionality.m */ = {isa = PBXFileReference; fileEncoding = 4; lastKnownFileType = sourcecode.c.objc; path = "NSString+TextDirectionality.m"; sourceTree = "<group>"; };
		F2066D131D2839FD00E4EE3F /* ABBeaconViewController.h */ = {isa = PBXFileReference; fileEncoding = 4; lastKnownFileType = sourcecode.c.h; path = ABBeaconViewController.h; sourceTree = "<group>"; };
		F2066D141D2839FD00E4EE3F /* ABBeaconViewController.m */ = {isa = PBXFileReference; fileEncoding = 4; lastKnownFileType = sourcecode.c.objc; path = ABBeaconViewController.m; sourceTree = "<group>"; };
		F2066D161D283A2B00E4EE3F /* ABBluetoothViewController.h */ = {isa = PBXFileReference; fileEncoding = 4; lastKnownFileType = sourcecode.c.h; path = ABBluetoothViewController.h; sourceTree = "<group>"; };
		F2066D171D283A2B00E4EE3F /* ABBluetoothViewController.m */ = {isa = PBXFileReference; fileEncoding = 4; lastKnownFileType = sourcecode.c.objc; path = ABBluetoothViewController.m; sourceTree = "<group>"; };
		F2066D181D283A2B00E4EE3F /* ABModifyViewController.h */ = {isa = PBXFileReference; fileEncoding = 4; lastKnownFileType = sourcecode.c.h; path = ABModifyViewController.h; sourceTree = "<group>"; };
		F2066D191D283A2B00E4EE3F /* ABModifyViewController.m */ = {isa = PBXFileReference; fileEncoding = 4; lastKnownFileType = sourcecode.c.objc; path = ABModifyViewController.m; sourceTree = "<group>"; };
		F2066D1A1D283A2B00E4EE3F /* ABNotificationViewController.h */ = {isa = PBXFileReference; fileEncoding = 4; lastKnownFileType = sourcecode.c.h; path = ABNotificationViewController.h; sourceTree = "<group>"; };
		F2066D1B1D283A2B00E4EE3F /* ABNotificationViewController.m */ = {isa = PBXFileReference; fileEncoding = 4; lastKnownFileType = sourcecode.c.objc; path = ABNotificationViewController.m; sourceTree = "<group>"; };
		F2066D1C1D283A2B00E4EE3F /* ABSelectDeviceViewController.h */ = {isa = PBXFileReference; fileEncoding = 4; lastKnownFileType = sourcecode.c.h; path = ABSelectDeviceViewController.h; sourceTree = "<group>"; };
		F2066D1D1D283A2B00E4EE3F /* ABSelectDeviceViewController.m */ = {isa = PBXFileReference; fileEncoding = 4; lastKnownFileType = sourcecode.c.objc; path = ABSelectDeviceViewController.m; sourceTree = "<group>"; };
		F2066D1E1D283A2B00E4EE3F /* ABSensorListViewController.h */ = {isa = PBXFileReference; fileEncoding = 4; lastKnownFileType = sourcecode.c.h; path = ABSensorListViewController.h; sourceTree = "<group>"; };
		F2066D1F1D283A2B00E4EE3F /* ABSensorListViewController.m */ = {isa = PBXFileReference; fileEncoding = 4; lastKnownFileType = sourcecode.c.objc; path = ABSensorListViewController.m; sourceTree = "<group>"; };
		F2066D201D283A2B00E4EE3F /* ABSensorViewController.h */ = {isa = PBXFileReference; fileEncoding = 4; lastKnownFileType = sourcecode.c.h; path = ABSensorViewController.h; sourceTree = "<group>"; };
		F2066D211D283A2B00E4EE3F /* ABSensorViewController.m */ = {isa = PBXFileReference; fileEncoding = 4; lastKnownFileType = sourcecode.c.objc; path = ABSensorViewController.m; sourceTree = "<group>"; };
		F2066D221D283A2B00E4EE3F /* ABTransmitters.h */ = {isa = PBXFileReference; fileEncoding = 4; lastKnownFileType = sourcecode.c.h; path = ABTransmitters.h; sourceTree = "<group>"; };
		F2066D231D283A2B00E4EE3F /* ABTransmitters.m */ = {isa = PBXFileReference; fileEncoding = 4; lastKnownFileType = sourcecode.c.objc; path = ABTransmitters.m; sourceTree = "<group>"; };
		F2066D241D283A2B00E4EE3F /* ABUUIDTextField.h */ = {isa = PBXFileReference; fileEncoding = 4; lastKnownFileType = sourcecode.c.h; path = ABUUIDTextField.h; sourceTree = "<group>"; };
		F2066D251D283A2B00E4EE3F /* ABUUIDTextField.m */ = {isa = PBXFileReference; fileEncoding = 4; lastKnownFileType = sourcecode.c.objc; path = ABUUIDTextField.m; sourceTree = "<group>"; };
/* End PBXFileReference section */

/* Begin PBXFrameworksBuildPhase section */
		F2066CDF1D28381A00E4EE3F /* Frameworks */ = {
			isa = PBXFrameworksBuildPhase;
			buildActionMask = 2147483647;
			files = (
				F2066D071D28385700E4EE3F /* libAprilBeaconSDK.a in Frameworks */,
			);
			runOnlyForDeploymentPostprocessing = 0;
		};
/* End PBXFrameworksBuildPhase section */

/* Begin PBXGroup section */
		F2066CD91D28381A00E4EE3F = {
			isa = PBXGroup;
			children = (
				F2066CE41D28381A00E4EE3F /* beacons */,
				F2066CE31D28381A00E4EE3F /* Products */,
			);
			sourceTree = "<group>";
		};
		F2066CE31D28381A00E4EE3F /* Products */ = {
			isa = PBXGroup;
			children = (
				F2066CE21D28381A00E4EE3F /* beacons.app */,
			);
			name = Products;
			sourceTree = "<group>";
		};
		F2066CE41D28381A00E4EE3F /* beacons */ = {
			isa = PBXGroup;
			children = (
				F2066D121D2839EF00E4EE3F /* test */,
				F2066D081D28389E00E4EE3F /* JVFloatLabeledTextField */,
				F2066CFC1D28385700E4EE3F /* AprilSDK */,
				F2066CE81D28381A00E4EE3F /* AppDelegate.h */,
				F2066CE91D28381A00E4EE3F /* AppDelegate.m */,
				F2066CEB1D28381A00E4EE3F /* ViewController.h */,
				F2066CEC1D28381A00E4EE3F /* ViewController.m */,
				F2066CEE1D28381A00E4EE3F /* Main.storyboard */,
				F2066CF11D28381B00E4EE3F /* Assets.xcassets */,
				F2066CF31D28381B00E4EE3F /* LaunchScreen.storyboard */,
				F2066CF61D28381B00E4EE3F /* Info.plist */,
				F2066CE51D28381A00E4EE3F /* Supporting Files */,
			);
			path = beacons;
			sourceTree = "<group>";
		};
		F2066CE51D28381A00E4EE3F /* Supporting Files */ = {
			isa = PBXGroup;
			children = (
				F2066CE61D28381A00E4EE3F /* main.m */,
			);
			name = "Supporting Files";
			sourceTree = "<group>";
		};
		F2066CFC1D28385700E4EE3F /* AprilSDK */ = {
			isa = PBXGroup;
			children = (
				F2066CFD1D28385700E4EE3F /* Headers */,
				F2066D061D28385700E4EE3F /* libAprilBeaconSDK.a */,
			);
			path = AprilSDK;
			sourceTree = "<group>";
		};
		F2066CFD1D28385700E4EE3F /* Headers */ = {
			isa = PBXGroup;
			children = (
				F2066CFE1D28385700E4EE3F /* ABBeacon.h */,
				F2066CFF1D28385700E4EE3F /* ABBeaconManager.h */,
				F2066D001D28385700E4EE3F /* ABBeaconRegion.h */,
				F2066D011D28385700E4EE3F /* ABBluetoothManager.h */,
				F2066D021D28385700E4EE3F /* ABDefinitions.h */,
				F2066D031D28385700E4EE3F /* ABError.h */,
				F2066D041D28385700E4EE3F /* ABSensor.h */,
				F2066D051D28385700E4EE3F /* AprilBeaconSDK.h */,
			);
			path = Headers;
			sourceTree = "<group>";
		};
		F2066D081D28389E00E4EE3F /* JVFloatLabeledTextField */ = {
			isa = PBXGroup;
			children = (
				F2066D091D28389E00E4EE3F /* JVFloatLabeledTextField.h */,
				F2066D0A1D28389E00E4EE3F /* JVFloatLabeledTextField.m */,
				F2066D0B1D28389E00E4EE3F /* JVFloatLabeledTextView.h */,
				F2066D0C1D28389E00E4EE3F /* JVFloatLabeledTextView.m */,
				F2066D0D1D28389E00E4EE3F /* NSString+TextDirectionality.h */,
				F2066D0E1D28389E00E4EE3F /* NSString+TextDirectionality.m */,
			);
			path = JVFloatLabeledTextField;
			sourceTree = "<group>";
		};
		F2066D121D2839EF00E4EE3F /* test */ = {
			isa = PBXGroup;
			children = (
				F2066D161D283A2B00E4EE3F /* ABBluetoothViewController.h */,
				F2066D171D283A2B00E4EE3F /* ABBluetoothViewController.m */,
				F2066D181D283A2B00E4EE3F /* ABModifyViewController.h */,
				F2066D191D283A2B00E4EE3F /* ABModifyViewController.m */,
				F2066D1A1D283A2B00E4EE3F /* ABNotificationViewController.h */,
				F2066D1B1D283A2B00E4EE3F /* ABNotificationViewController.m */,
				F2066D1C1D283A2B00E4EE3F /* ABSelectDeviceViewController.h */,
				F2066D1D1D283A2B00E4EE3F /* ABSelectDeviceViewController.m */,
				F2066D1E1D283A2B00E4EE3F /* ABSensorListViewController.h */,
				F2066D1F1D283A2B00E4EE3F /* ABSensorListViewController.m */,
				F2066D201D283A2B00E4EE3F /* ABSensorViewController.h */,
				F2066D211D283A2B00E4EE3F /* ABSensorViewController.m */,
				F2066D221D283A2B00E4EE3F /* ABTransmitters.h */,
				F2066D231D283A2B00E4EE3F /* ABTransmitters.m */,
				F2066D241D283A2B00E4EE3F /* ABUUIDTextField.h */,
				F2066D251D283A2B00E4EE3F /* ABUUIDTextField.m */,
				F2066D131D2839FD00E4EE3F /* ABBeaconViewController.h */,
				F2066D141D2839FD00E4EE3F /* ABBeaconViewController.m */,
			);
			name = test;
			sourceTree = "<group>";
		};
/* End PBXGroup section */

/* Begin PBXNativeTarget section */
		F2066CE11D28381A00E4EE3F /* beacons */ = {
			isa = PBXNativeTarget;
			buildConfigurationList = F2066CF91D28381B00E4EE3F /* Build configuration list for PBXNativeTarget "beacons" */;
			buildPhases = (
				F2066CDE1D28381A00E4EE3F /* Sources */,
				F2066CDF1D28381A00E4EE3F /* Frameworks */,
				F2066CE01D28381A00E4EE3F /* Resources */,
			);
			buildRules = (
			);
			dependencies = (
			);
			name = beacons;
			productName = beacons;
			productReference = F2066CE21D28381A00E4EE3F /* beacons.app */;
			productType = "com.apple.product-type.application";
		};
/* End PBXNativeTarget section */

/* Begin PBXProject section */
		F2066CDA1D28381A00E4EE3F /* Project object */ = {
			isa = PBXProject;
			attributes = {
				LastUpgradeCheck = 0730;
				ORGANIZATIONNAME = "Ivan F Garcia S";
				TargetAttributes = {
					F2066CE11D28381A00E4EE3F = {
						CreatedOnToolsVersion = 7.3.1;
					};
				};
			};
			buildConfigurationList = F2066CDD1D28381A00E4EE3F /* Build configuration list for PBXProject "beacons" */;
			compatibilityVersion = "Xcode 3.2";
			developmentRegion = English;
			hasScannedForEncodings = 0;
			knownRegions = (
				en,
				Base,
			);
			mainGroup = F2066CD91D28381A00E4EE3F;
			productRefGroup = F2066CE31D28381A00E4EE3F /* Products */;
			projectDirPath = "";
			projectRoot = "";
			targets = (
				F2066CE11D28381A00E4EE3F /* beacons */,
			);
		};
/* End PBXProject section */

/* Begin PBXResourcesBuildPhase section */
		F2066CE01D28381A00E4EE3F /* Resources */ = {
			isa = PBXResourcesBuildPhase;
			buildActionMask = 2147483647;
			files = (
				F2066CF51D28381B00E4EE3F /* LaunchScreen.storyboard in Resources */,
				F2066CF21D28381B00E4EE3F /* Assets.xcassets in Resources */,
				F2066CF01D28381A00E4EE3F /* Main.storyboard in Resources */,
			);
			runOnlyForDeploymentPostprocessing = 0;
		};
/* End PBXResourcesBuildPhase section */

/* Begin PBXSourcesBuildPhase section */
		F2066CDE1D28381A00E4EE3F /* Sources */ = {
			isa = PBXSourcesBuildPhase;
			buildActionMask = 2147483647;
			files = (
				F2066D0F1D28389E00E4EE3F /* JVFloatLabeledTextField.m in Sources */,
				F2066CED1D28381A00E4EE3F /* ViewController.m in Sources */,
				F2066D111D28389E00E4EE3F /* NSString+TextDirectionality.m in Sources */,
				F2066D2B1D283A2B00E4EE3F /* ABSensorViewController.m in Sources */,
				F2066D2A1D283A2B00E4EE3F /* ABSensorListViewController.m in Sources */,
				F2066CEA1D28381A00E4EE3F /* AppDelegate.m in Sources */,
				F2066D2C1D283A2B00E4EE3F /* ABTransmitters.m in Sources */,
				F2066D291D283A2B00E4EE3F /* ABSelectDeviceViewController.m in Sources */,
				F2066CE71D28381A00E4EE3F /* main.m in Sources */,
				F2066D151D2839FD00E4EE3F /* ABBeaconViewController.m in Sources */,
				F2066D261D283A2B00E4EE3F /* ABBluetoothViewController.m in Sources */,
				F2066D271D283A2B00E4EE3F /* ABModifyViewController.m in Sources */,
				F2066D2D1D283A2B00E4EE3F /* ABUUIDTextField.m in Sources */,
				F2066D281D283A2B00E4EE3F /* ABNotificationViewController.m in Sources */,
				F2066D101D28389E00E4EE3F /* JVFloatLabeledTextView.m in Sources */,
			);
			runOnlyForDeploymentPostprocessing = 0;
		};
/* End PBXSourcesBuildPhase section */

/* Begin PBXVariantGroup section */
		F2066CEE1D28381A00E4EE3F /* Main.storyboard */ = {
			isa = PBXVariantGroup;
			children = (
				F2066CEF1D28381A00E4EE3F /* Base */,
			);
			name = Main.storyboard;
			sourceTree = "<group>";
		};
		F2066CF31D28381B00E4EE3F /* LaunchScreen.storyboard */ = {
			isa = PBXVariantGroup;
			children = (
				F2066CF41D28381B00E4EE3F /* Base */,
			);
			name = LaunchScreen.storyboard;
			sourceTree = "<group>";
		};
/* End PBXVariantGroup section */

/* Begin XCBuildConfiguration section */
		F2066CF71D28381B00E4EE3F /* Debug */ = {
			isa = XCBuildConfiguration;
			buildSettings = {
				ALWAYS_SEARCH_USER_PATHS = NO;
				CLANG_ANALYZER_NONNULL = YES;
				CLANG_CXX_LANGUAGE_STANDARD = "gnu++0x";
				CLANG_CXX_LIBRARY = "libc++";
				CLANG_ENABLE_MODULES = YES;
				CLANG_ENABLE_OBJC_ARC = YES;
				CLANG_WARN_BOOL_CONVERSION = YES;
				CLANG_WARN_CONSTANT_CONVERSION = YES;
				CLANG_WARN_DIRECT_OBJC_ISA_USAGE = YES_ERROR;
				CLANG_WARN_EMPTY_BODY = YES;
				CLANG_WARN_ENUM_CONVERSION = YES;
				CLANG_WARN_INT_CONVERSION = YES;
				CLANG_WARN_OBJC_ROOT_CLASS = YES_ERROR;
				CLANG_WARN_UNREACHABLE_CODE = YES;
				CLANG_WARN__DUPLICATE_METHOD_MATCH = YES;
				"CODE_SIGN_IDENTITY[sdk=iphoneos*]" = "iPhone Developer";
				COPY_PHASE_STRIP = NO;
				DEBUG_INFORMATION_FORMAT = dwarf;
				ENABLE_STRICT_OBJC_MSGSEND = YES;
				ENABLE_TESTABILITY = YES;
				GCC_C_LANGUAGE_STANDARD = gnu99;
				GCC_DYNAMIC_NO_PIC = NO;
				GCC_NO_COMMON_BLOCKS = YES;
				GCC_OPTIMIZATION_LEVEL = 0;
				GCC_PREPROCESSOR_DEFINITIONS = (
					"DEBUG=1",
					"$(inherited)",
				);
				GCC_WARN_64_TO_32_BIT_CONVERSION = YES;
				GCC_WARN_ABOUT_RETURN_TYPE = YES_ERROR;
				GCC_WARN_UNDECLARED_SELECTOR = YES;
				GCC_WARN_UNINITIALIZED_AUTOS = YES_AGGRESSIVE;
				GCC_WARN_UNUSED_FUNCTION = YES;
				GCC_WARN_UNUSED_VARIABLE = YES;
				IPHONEOS_DEPLOYMENT_TARGET = 9.3;
				MTL_ENABLE_DEBUG_INFO = YES;
				ONLY_ACTIVE_ARCH = YES;
				SDKROOT = iphoneos;
				TARGETED_DEVICE_FAMILY = "1,2";
			};
			name = Debug;
		};
		F2066CF81D28381B00E4EE3F /* Release */ = {
			isa = XCBuildConfiguration;
			buildSettings = {
				ALWAYS_SEARCH_USER_PATHS = NO;
				CLANG_ANALYZER_NONNULL = YES;
				CLANG_CXX_LANGUAGE_STANDARD = "gnu++0x";
				CLANG_CXX_LIBRARY = "libc++";
				CLANG_ENABLE_MODULES = YES;
				CLANG_ENABLE_OBJC_ARC = YES;
				CLANG_WARN_BOOL_CONVERSION = YES;
				CLANG_WARN_CONSTANT_CONVERSION = YES;
				CLANG_WARN_DIRECT_OBJC_ISA_USAGE = YES_ERROR;
				CLANG_WARN_EMPTY_BODY = YES;
				CLANG_WARN_ENUM_CONVERSION = YES;
				CLANG_WARN_INT_CONVERSION = YES;
				CLANG_WARN_OBJC_ROOT_CLASS = YES_ERROR;
				CLANG_WARN_UNREACHABLE_CODE = YES;
				CLANG_WARN__DUPLICATE_METHOD_MATCH = YES;
				"CODE_SIGN_IDENTITY[sdk=iphoneos*]" = "iPhone Developer";
				COPY_PHASE_STRIP = NO;
				DEBUG_INFORMATION_FORMAT = "dwarf-with-dsym";
				ENABLE_NS_ASSERTIONS = NO;
				ENABLE_STRICT_OBJC_MSGSEND = YES;
				GCC_C_LANGUAGE_STANDARD = gnu99;
				GCC_NO_COMMON_BLOCKS = YES;
				GCC_WARN_64_TO_32_BIT_CONVERSION = YES;
				GCC_WARN_ABOUT_RETURN_TYPE = YES_ERROR;
				GCC_WARN_UNDECLARED_SELECTOR = YES;
				GCC_WARN_UNINITIALIZED_AUTOS = YES_AGGRESSIVE;
				GCC_WARN_UNUSED_FUNCTION = YES;
				GCC_WARN_UNUSED_VARIABLE = YES;
				IPHONEOS_DEPLOYMENT_TARGET = 9.3;
				MTL_ENABLE_DEBUG_INFO = NO;
				SDKROOT = iphoneos;
				TARGETED_DEVICE_FAMILY = "1,2";
				VALIDATE_PRODUCT = YES;
			};
			name = Release;
		};
		F2066CFA1D28381B00E4EE3F /* Debug */ = {
			isa = XCBuildConfiguration;
			buildSettings = {
				ASSETCATALOG_COMPILER_APPICON_NAME = AppIcon;
				INFOPLIST_FILE = beacons/Info.plist;
				LD_RUNPATH_SEARCH_PATHS = "$(inherited) @executable_path/Frameworks";
				LIBRARY_SEARCH_PATHS = (
					"$(inherited)",
					"$(PROJECT_DIR)/beacons/AprilSDK",
				);
				PRODUCT_BUNDLE_IDENTIFIER = com.beacons.beacons;
				PRODUCT_NAME = "$(TARGET_NAME)";
			};
			name = Debug;
		};
		F2066CFB1D28381B00E4EE3F /* Release */ = {
			isa = XCBuildConfiguration;
			buildSettings = {
				ASSETCATALOG_COMPILER_APPICON_NAME = AppIcon;
				INFOPLIST_FILE = beacons/Info.plist;
				LD_RUNPATH_SEARCH_PATHS = "$(inherited) @executable_path/Frameworks";
				LIBRARY_SEARCH_PATHS = (
					"$(inherited)",
					"$(PROJECT_DIR)/beacons/AprilSDK",
				);
				PRODUCT_BUNDLE_IDENTIFIER = com.beacons.beacons;
				PRODUCT_NAME = "$(TARGET_NAME)";
			};
			name = Release;
		};
/* End XCBuildConfiguration section */

/* Begin XCConfigurationList section */
		F2066CDD1D28381A00E4EE3F /* Build configuration list for PBXProject "beacons" */ = {
			isa = XCConfigurationList;
			buildConfigurations = (
				F2066CF71D28381B00E4EE3F /* Debug */,
				F2066CF81D28381B00E4EE3F /* Release */,
			);
			defaultConfigurationIsVisible = 0;
			defaultConfigurationName = Release;
		};
		F2066CF91D28381B00E4EE3F /* Build configuration list for PBXNativeTarget "beacons" */ = {
			isa = XCConfigurationList;
			buildConfigurations = (
				F2066CFA1D28381B00E4EE3F /* Debug */,
				F2066CFB1D28381B00E4EE3F /* Release */,
			);
			defaultConfigurationIsVisible = 0;
		};
/* End XCConfigurationList section */
	};
	rootObject = F2066CDA1D28381A00E4EE3F /* Project object */;
}
